
Microsoft Visual Studio Solution File, Format Version 12.00
# Visual Studio Version 17
VisualStudioVersion = 17.9.34728.123
MinimumVisualStudioVersion = 10.0.40219.1
Project("{9A19103F-16F7-4668-BE54-9A1E7A4F7556}") = "SpotifyAnalysis", "SpotifyAnalysis\SpotifyAnalysis.csproj", "{4602A00C-F038-4E8E-8C0D-74BA9DA8B57C}"
EndProject
Project("{9A19103F-16F7-4668-BE54-9A1E7A4F7556}") = "UnitTests", "UnitTests\UnitTests.csproj", "{12D5CA9E-03D8-4E45-890C-8E722FD51D48}"
EndProject
Global
	GlobalSection(SolutionConfigurationPlatforms) = preSolution
		Debug|Any CPU = Debug|Any CPU
		Release|Any CPU = Release|Any CPU
	EndGlobalSection
	GlobalSection(ProjectConfigurationPlatforms) = postSolution
		{4602A00C-F038-4E8E-8C0D-74BA9DA8B57C}.Debug|Any CPU.ActiveCfg = Debug|Any CPU
		{4602A00C-F038-4E8E-8C0D-74BA9DA8B57C}.Debug|Any CPU.Build.0 = Debug|Any CPU
		{4602A00C-F038-4E8E-8C0D-74BA9DA8B57C}.Release|Any CPU.ActiveCfg = Release|Any CPU
		{4602A00C-F038-4E8E-8C0D-74BA9DA8B57C}.Release|Any CPU.Build.0 = Release|Any CPU
		{12D5CA9E-03D8-4E45-890C-8E722FD51D48}.Debug|Any CPU.ActiveCfg = Debug|Any CPU
		{12D5CA9E-03D8-4E45-890C-8E722FD51D48}.Debug|Any CPU.Build.0 = Debug|Any CPU
		{12D5CA9E-03D8-4E45-890C-8E722FD51D48}.Release|Any CPU.ActiveCfg = Release|Any CPU
		{12D5CA9E-03D8-4E45-890C-8E722FD51D48}.Release|Any CPU.Build.0 = Release|Any CPU
	EndGlobalSection
	GlobalSection(SolutionProperties) = preSolution
		HideSolutionNode = FALSE
	EndGlobalSection
	GlobalSection(ExtensibilityGlobals) = postSolution
		SolutionGuid = {6D410585-B6AF-4715-A6EA-AD4D5B817B67}
	EndGlobalSection
EndGlobal
